// !$*UTF8*$!
{
	archiveVersion = 1;
	classes = {
	};
	objectVersion = 55;
	objects = {

/* Begin PBXBuildFile section */
		14BC35E927CFD747004772A6 /* cw2_day1App.swift in Sources */ = {isa = PBXBuildFile; fileRef = 14BC35C127CFD746004772A6 /* cw2_day1App.swift */; };
		14BC35EA27CFD747004772A6 /* cw2_day1App.swift in Sources */ = {isa = PBXBuildFile; fileRef = 14BC35C127CFD746004772A6 /* cw2_day1App.swift */; };
		14BC35EB27CFD747004772A6 /* ContentView.swift in Sources */ = {isa = PBXBuildFile; fileRef = 14BC35C227CFD746004772A6 /* ContentView.swift */; };
		14BC35EC27CFD747004772A6 /* ContentView.swift in Sources */ = {isa = PBXBuildFile; fileRef = 14BC35C227CFD746004772A6 /* ContentView.swift */; };
		14BC35ED27CFD747004772A6 /* Assets.xcassets in Resources */ = {isa = PBXBuildFile; fileRef = 14BC35C327CFD747004772A6 /* Assets.xcassets */; };
		14BC35EE27CFD747004772A6 /* Assets.xcassets in Resources */ = {isa = PBXBuildFile; fileRef = 14BC35C327CFD747004772A6 /* Assets.xcassets */; };
/* End PBXBuildFile section */

/* Begin PBXContainerItemProxy section */
		14BC35D627CFD747004772A6 /* PBXContainerItemProxy */ = {
			isa = PBXContainerItemProxy;
			containerPortal = 14BC35BC27CFD746004772A6 /* Project object */;
			proxyType = 1;
			remoteGlobalIDString = 14BC35C727CFD747004772A6;
			remoteInfo = "cw2 day1 (iOS)";
		};
		14BC35E227CFD747004772A6 /* PBXContainerItemProxy */ = {
			isa = PBXContainerItemProxy;
			containerPortal = 14BC35BC27CFD746004772A6 /* Project object */;
			proxyType = 1;
			remoteGlobalIDString = 14BC35CD27CFD747004772A6;
			remoteInfo = "cw2 day1 (macOS)";
		};
/* End PBXContainerItemProxy section */

/* Begin PBXFileReference section */
		14BC35C127CFD746004772A6 /* cw2_day1App.swift */ = {isa = PBXFileReference; lastKnownFileType = sourcecode.swift; path = cw2_day1App.swift; sourceTree = "<group>"; };
		14BC35C227CFD746004772A6 /* ContentView.swift */ = {isa = PBXFileReference; lastKnownFileType = sourcecode.swift; path = ContentView.swift; sourceTree = "<group>"; };
		14BC35C327CFD747004772A6 /* Assets.xcassets */ = {isa = PBXFileReference; lastKnownFileType = folder.assetcatalog; path = Assets.xcassets; sourceTree = "<group>"; };
		14BC35C827CFD747004772A6 /* cw2 day1.app */ = {isa = PBXFileReference; explicitFileType = wrapper.application; includeInIndex = 0; path = "cw2 day1.app"; sourceTree = BUILT_PRODUCTS_DIR; };
		14BC35CE27CFD747004772A6 /* cw2 day1.app */ = {isa = PBXFileReference; explicitFileType = wrapper.application; includeInIndex = 0; path = "cw2 day1.app"; sourceTree = BUILT_PRODUCTS_DIR; };
		14BC35D527CFD747004772A6 /* Tests iOS.xctest */ = {isa = PBXFileReference; explicitFileType = wrapper.cfbundle; includeInIndex = 0; path = "Tests iOS.xctest"; sourceTree = BUILT_PRODUCTS_DIR; };
		14BC35E127CFD747004772A6 /* Tests macOS.xctest */ = {isa = PBXFileReference; explicitFileType = wrapper.cfbundle; includeInIndex = 0; path = "Tests macOS.xctest"; sourceTree = BUILT_PRODUCTS_DIR; };
/* End PBXFileReference section */

/* Begin PBXFrameworksBuildPhase section */
		14BC35C527CFD747004772A6 /* Frameworks */ = {
			isa = PBXFrameworksBuildPhase;
			buildActionMask = 2147483647;
			files = (
			);
			runOnlyForDeploymentPostprocessing = 0;
		};
		14BC35CB27CFD747004772A6 /* Frameworks */ = {
			isa = PBXFrameworksBuildPhase;
			buildActionMask = 2147483647;
			files = (
			);
			runOnlyForDeploymentPostprocessing = 0;
		};
		14BC35D227CFD747004772A6 /* Frameworks */ = {
			isa = PBXFrameworksBuildPhase;
			buildActionMask = 2147483647;
			files = (
			);
			runOnlyForDeploymentPostprocessing = 0;
		};
		14BC35DE27CFD747004772A6 /* Frameworks */ = {
			isa = PBXFrameworksBuildPhase;
			buildActionMask = 2147483647;
			files = (
			);
			runOnlyForDeploymentPostprocessing = 0;
		};
/* End PBXFrameworksBuildPhase section */

/* Begin PBXGroup section */
		14BC35BB27CFD746004772A6 = {
			isa = PBXGroup;
			children = (
				14BC35C027CFD746004772A6 /* Shared */,
				14BC35C927CFD747004772A6 /* Products */,
			);
			sourceTree = "<group>";
		};
		14BC35C027CFD746004772A6 /* Shared */ = {
			isa = PBXGroup;
			children = (
				14BC35C127CFD746004772A6 /* cw2_day1App.swift */,
				14BC35C227CFD746004772A6 /* ContentView.swift */,
				14BC35C327CFD747004772A6 /* Assets.xcassets */,
			);
			path = Shared;
			sourceTree = "<group>";
		};
		14BC35C927CFD747004772A6 /* Products */ = {
			isa = PBXGroup;
			children = (
				14BC35C827CFD747004772A6 /* cw2 day1.app */,
				14BC35CE27CFD747004772A6 /* cw2 day1.app */,
				14BC35D527CFD747004772A6 /* Tests iOS.xctest */,
				14BC35E127CFD747004772A6 /* Tests macOS.xctest */,
			);
			name = Products;
			sourceTree = "<group>";
		};
/* End PBXGroup section */

/* Begin PBXNativeTarget section */
		14BC35C727CFD747004772A6 /* cw2 day1 (iOS) */ = {
			isa = PBXNativeTarget;
			buildConfigurationList = 14BC35F127CFD747004772A6 /* Build configuration list for PBXNativeTarget "cw2 day1 (iOS)" */;
			buildPhases = (
				14BC35C427CFD747004772A6 /* Sources */,
				14BC35C527CFD747004772A6 /* Frameworks */,
				14BC35C627CFD747004772A6 /* Resources */,
			);
			buildRules = (
			);
			dependencies = (
			);
			name = "cw2 day1 (iOS)";
			productName = "cw2 day1 (iOS)";
			productReference = 14BC35C827CFD747004772A6 /* cw2 day1.app */;
			productType = "com.apple.product-type.application";
		};
		14BC35CD27CFD747004772A6 /* cw2 day1 (macOS) */ = {
			isa = PBXNativeTarget;
			buildConfigurationList = 14BC35F427CFD747004772A6 /* Build configuration list for PBXNativeTarget "cw2 day1 (macOS)" */;
			buildPhases = (
				14BC35CA27CFD747004772A6 /* Sources */,
				14BC35CB27CFD747004772A6 /* Frameworks */,
				14BC35CC27CFD747004772A6 /* Resources */,
			);
			buildRules = (
			);
			dependencies = (
			);
			name = "cw2 day1 (macOS)";
			productName = "cw2 day1 (macOS)";
			productReference = 14BC35CE27CFD747004772A6 /* cw2 day1.app */;
			productType = "com.apple.product-type.application";
		};
		14BC35D427CFD747004772A6 /* Tests iOS */ = {
			isa = PBXNativeTarget;
			buildConfigurationList = 14BC35F727CFD747004772A6 /* Build configuration list for PBXNativeTarget "Tests iOS" */;
			buildPhases = (
				14BC35D127CFD747004772A6 /* Sources */,
				14BC35D227CFD747004772A6 /* Frameworks */,
				14BC35D327CFD747004772A6 /* Resources */,
			);
			buildRules = (
			);
			dependencies = (
				14BC35D727CFD747004772A6 /* PBXTargetDependency */,
			);
			name = "Tests iOS";
			productName = "Tests iOS";
			productReference = 14BC35D527CFD747004772A6 /* Tests iOS.xctest */;
			productType = "com.apple.product-type.bundle.ui-testing";
		};
		14BC35E027CFD747004772A6 /* Tests macOS */ = {
			isa = PBXNativeTarget;
			buildConfigurationList = 14BC35FA27CFD747004772A6 /* Build configuration list for PBXNativeTarget "Tests macOS" */;
			buildPhases = (
				14BC35DD27CFD747004772A6 /* Sources */,
				14BC35DE27CFD747004772A6 /* Frameworks */,
				14BC35DF27CFD747004772A6 /* Resources */,
			);
			buildRules = (
			);
			dependencies = (
				14BC35E327CFD747004772A6 /* PBXTargetDependency */,
			);
			name = "Tests macOS";
			productName = "Tests macOS";
			productReference = 14BC35E127CFD747004772A6 /* Tests macOS.xctest */;
			productType = "com.apple.product-type.bundle.ui-testing";
		};
/* End PBXNativeTarget section */

/* Begin PBXProject section */
		14BC35BC27CFD746004772A6 /* Project object */ = {
			isa = PBXProject;
			attributes = {
				BuildIndependentTargetsInParallel = 1;
				LastSwiftUpdateCheck = 1320;
				LastUpgradeCheck = 1320;
				TargetAttributes = {
					14BC35C727CFD747004772A6 = {
						CreatedOnToolsVersion = 13.2.1;
					};
					14BC35CD27CFD747004772A6 = {
						CreatedOnToolsVersion = 13.2.1;
					};
					14BC35D427CFD747004772A6 = {
						CreatedOnToolsVersion = 13.2.1;
						TestTargetID = 14BC35C727CFD747004772A6;
					};
					14BC35E027CFD747004772A6 = {
						CreatedOnToolsVersion = 13.2.1;
						TestTargetID = 14BC35CD27CFD747004772A6;
					};
				};
			};
			buildConfigurationList = 14BC35BF27CFD746004772A6 /* Build configuration list for PBXProject "cw2 day1" */;
			compatibilityVersion = "Xcode 13.0";
			developmentRegion = en;
			hasScannedForEncodings = 0;
			knownRegions = (
				en,
				Base,
			);
			mainGroup = 14BC35BB27CFD746004772A6;
			productRefGroup = 14BC35C927CFD747004772A6 /* Products */;
			projectDirPath = "";
			projectRoot = "";
			targets = (
				14BC35C727CFD747004772A6 /* cw2 day1 (iOS) */,
				14BC35CD27CFD747004772A6 /* cw2 day1 (macOS) */,
				14BC35D427CFD747004772A6 /* Tests iOS */,
				14BC35E027CFD747004772A6 /* Tests macOS */,
			);
		};
/* End PBXProject section */

/* Begin PBXResourcesBuildPhase section */
		14BC35C627CFD747004772A6 /* Resources */ = {
			isa = PBXResourcesBuildPhase;
			buildActionMask = 2147483647;
			files = (
				14BC35ED27CFD747004772A6 /* Assets.xcassets in Resources */,
			);
			runOnlyForDeploymentPostprocessing = 0;
		};
		14BC35CC27CFD747004772A6 /* Resources */ = {
			isa = PBXResourcesBuildPhase;
			buildActionMask = 2147483647;
			files = (
				14BC35EE27CFD747004772A6 /* Assets.xcassets in Resources */,
			);
			runOnlyForDeploymentPostprocessing = 0;
		};
		14BC35D327CFD747004772A6 /* Resources */ = {
			isa = PBXResourcesBuildPhase;
			buildActionMask = 2147483647;
			files = (
			);
			runOnlyForDeploymentPostprocessing = 0;
		};
		14BC35DF27CFD747004772A6 /* Resources */ = {
			isa = PBXResourcesBuildPhase;
			buildActionMask = 2147483647;
			files = (
			);
			runOnlyForDeploymentPostprocessing = 0;
		};
/* End PBXResourcesBuildPhase section */

/* Begin PBXSourcesBuildPhase section */
		14BC35C427CFD747004772A6 /* Sources */ = {
			isa = PBXSourcesBuildPhase;
			buildActionMask = 2147483647;
			files = (
				14BC35EB27CFD747004772A6 /* ContentView.swift in Sources */,
				14BC35E927CFD747004772A6 /* cw2_day1App.swift in Sources */,
			);
			runOnlyForDeploymentPostprocessing = 0;
		};
		14BC35CA27CFD747004772A6 /* Sources */ = {
			isa = PBXSourcesBuildPhase;
			buildActionMask = 2147483647;
			files = (
				14BC35EC27CFD747004772A6 /* ContentView.swift in Sources */,
				14BC35EA27CFD747004772A6 /* cw2_day1App.swift in Sources */,
			);
			runOnlyForDeploymentPostprocessing = 0;
		};
		14BC35D127CFD747004772A6 /* Sources */ = {
			isa = PBXSourcesBuildPhase;
			buildActionMask = 2147483647;
			files = (
			);
			runOnlyForDeploymentPostprocessing = 0;
		};
		14BC35DD27CFD747004772A6 /* Sources */ = {
			isa = PBXSourcesBuildPhase;
			buildActionMask = 2147483647;
			files = (
			);
			runOnlyForDeploymentPostprocessing = 0;
		};
/* End PBXSourcesBuildPhase section */

/* Begin PBXTargetDependency section */
		14BC35D727CFD747004772A6 /* PBXTargetDependency */ = {
			isa = PBXTargetDependency;
			target = 14BC35C727CFD747004772A6 /* cw2 day1 (iOS) */;
			targetProxy = 14BC35D627CFD747004772A6 /* PBXContainerItemProxy */;
		};
		14BC35E327CFD747004772A6 /* PBXTargetDependency */ = {
			isa = PBXTargetDependency;
			target = 14BC35CD27CFD747004772A6 /* cw2 day1 (macOS) */;
			targetProxy = 14BC35E227CFD747004772A6 /* PBXContainerItemProxy */;
		};
/* End PBXTargetDependency section */

/* Begin XCBuildConfiguration section */
		14BC35EF27CFD747004772A6 /* Debug */ = {
			isa = XCBuildConfiguration;
			buildSettings = {
				ALWAYS_SEARCH_USER_PATHS = NO;
				CLANG_ANALYZER_NONNULL = YES;
				CLANG_ANALYZER_NUMBER_OBJECT_CONVERSION = YES_AGGRESSIVE;
				CLANG_CXX_LANGUAGE_STANDARD = "gnu++17";
				CLANG_CXX_LIBRARY = "libc++";
				CLANG_ENABLE_MODULES = YES;
				CLANG_ENABLE_OBJC_ARC = YES;
				CLANG_ENABLE_OBJC_WEAK = YES;
				CLANG_WARN_BLOCK_CAPTURE_AUTORELEASING = YES;
				CLANG_WARN_BOOL_CONVERSION = YES;
				CLANG_WARN_COMMA = YES;
				CLANG_WARN_CONSTANT_CONVERSION = YES;
				CLANG_WARN_DEPRECATED_OBJC_IMPLEMENTATIONS = YES;
				CLANG_WARN_DIRECT_OBJC_ISA_USAGE = YES_ERROR;
				CLANG_WARN_DOCUMENTATION_COMMENTS = YES;
				CLANG_WARN_EMPTY_BODY = YES;
				CLANG_WARN_ENUM_CONVERSION = YES;
				CLANG_WARN_INFINITE_RECURSION = YES;
				CLANG_WARN_INT_CONVERSION = YES;
				CLANG_WARN_NON_LITERAL_NULL_CONVERSION = YES;
				CLANG_WARN_OBJC_IMPLICIT_RETAIN_SELF = YES;
				CLANG_WARN_OBJC_LITERAL_CONVERSION = YES;
				CLANG_WARN_OBJC_ROOT_CLASS = YES_ERROR;
				CLANG_WARN_QUOTED_INCLUDE_IN_FRAMEWORK_HEADER = YES;
				CLANG_WARN_RANGE_LOOP_ANALYSIS = YES;
				CLANG_WARN_STRICT_PROTOTYPES = YES;
				CLANG_WARN_SUSPICIOUS_MOVE = YES;
				CLANG_WARN_UNGUARDED_AVAILABILITY = YES_AGGRESSIVE;
				CLANG_WARN_UNREACHABLE_CODE = YES;
				CLANG_WARN__DUPLICATE_METHOD_MATCH = YES;
				COPY_PHASE_STRIP = NO;
				DEBUG_INFORMATION_FORMAT = dwarf;
				ENABLE_STRICT_OBJC_MSGSEND = YES;
				ENABLE_TESTABILITY = YES;
				GCC_C_LANGUAGE_STANDARD = gnu11;
				GCC_DYNAMIC_NO_PIC = NO;
				GCC_NO_COMMON_BLOCKS = YES;
				GCC_OPTIMIZATION_LEVEL = 0;
				GCC_PREPROCESSOR_DEFINITIONS = (
					"DEBUG=1",
					"$(inherited)",
				);
				GCC_WARN_64_TO_32_BIT_CONVERSION = YES;
				GCC_WARN_ABOUT_RETURN_TYPE = YES_ERROR;
				GCC_WARN_UNDECLARED_SELECTOR = YES;
				GCC_WARN_UNINITIALIZED_AUTOS = YES_AGGRESSIVE;
				GCC_WARN_UNUSED_FUNCTION = YES;
				GCC_WARN_UNUSED_VARIABLE = YES;
				MTL_ENABLE_DEBUG_INFO = INCLUDE_SOURCE;
				MTL_FAST_MATH = YES;
				ONLY_ACTIVE_ARCH = YES;
				SWIFT_ACTIVE_COMPILATION_CONDITIONS = DEBUG;
				SWIFT_OPTIMIZATION_LEVEL = "-Onone";
			};
			name = Debug;
		};
		14BC35F027CFD747004772A6 /* Release */ = {
			isa = XCBuildConfiguration;
			buildSettings = {
				ALWAYS_SEARCH_USER_PATHS = NO;
				CLANG_ANALYZER_NONNULL = YES;
				CLANG_ANALYZER_NUMBER_OBJECT_CONVERSION = YES_AGGRESSIVE;
				CLANG_CXX_LANGUAGE_STANDARD = "gnu++17";
				CLANG_CXX_LIBRARY = "libc++";
				CLANG_ENABLE_MODULES = YES;
				CLANG_ENABLE_OBJC_ARC = YES;
				CLANG_ENABLE_OBJC_WEAK = YES;
				CLANG_WARN_BLOCK_CAPTURE_AUTORELEASING = YES;
				CLANG_WARN_BOOL_CONVERSION = YES;
				CLANG_WARN_COMMA = YES;
				CLANG_WARN_CONSTANT_CONVERSION = YES;
				CLANG_WARN_DEPRECATED_OBJC_IMPLEMENTATIONS = YES;
				CLANG_WARN_DIRECT_OBJC_ISA_USAGE = YES_ERROR;
				CLANG_WARN_DOCUMENTATION_COMMENTS = YES;
				CLANG_WARN_EMPTY_BODY = YES;
				CLANG_WARN_ENUM_CONVERSION = YES;
				CLANG_WARN_INFINITE_RECURSION = YES;
				CLANG_WARN_INT_CONVERSION = YES;
				CLANG_WARN_NON_LITERAL_NULL_CONVERSION = YES;
				CLANG_WARN_OBJC_IMPLICIT_RETAIN_SELF = YES;
				CLANG_WARN_OBJC_LITERAL_CONVERSION = YES;
				CLANG_WARN_OBJC_ROOT_CLASS = YES_ERROR;
				CLANG_WARN_QUOTED_INCLUDE_IN_FRAMEWORK_HEADER = YES;
				CLANG_WARN_RANGE_LOOP_ANALYSIS = YES;
				CLANG_WARN_STRICT_PROTOTYPES = YES;
				CLANG_WARN_SUSPICIOUS_MOVE = YES;
				CLANG_WARN_UNGUARDED_AVAILABILITY = YES_AGGRESSIVE;
				CLANG_WARN_UNREACHABLE_CODE = YES;
				CLANG_WARN__DUPLICATE_METHOD_MATCH = YES;
				COPY_PHASE_STRIP = NO;
				DEBUG_INFORMATION_FORMAT = "dwarf-with-dsym";
				ENABLE_NS_ASSERTIONS = NO;
				ENABLE_STRICT_OBJC_MSGSEND = YES;
				GCC_C_LANGUAGE_STANDARD = gnu11;
				GCC_NO_COMMON_BLOCKS = YES;
				GCC_WARN_64_TO_32_BIT_CONVERSION = YES;
				GCC_WARN_ABOUT_RETURN_TYPE = YES_ERROR;
				GCC_WARN_UNDECLARED_SELECTOR = YES;
				GCC_WARN_UNINITIALIZED_AUTOS = YES_AGGRESSIVE;
				GCC_WARN_UNUSED_FUNCTION = YES;
				GCC_WARN_UNUSED_VARIABLE = YES;
				MTL_ENABLE_DEBUG_INFO = NO;
				MTL_FAST_MATH = YES;
				SWIFT_COMPILATION_MODE = wholemodule;
				SWIFT_OPTIMIZATION_LEVEL = "-O";
			};
			name = Release;
		};
		14BC35F227CFD747004772A6 /* Debug */ = {
			isa = XCBuildConfiguration;
			buildSettings = {
				ASSETCATALOG_COMPILER_APPICON_NAME = AppIcon;
				ASSETCATALOG_COMPILER_GLOBAL_ACCENT_COLOR_NAME = AccentColor;
				CODE_SIGN_STYLE = Automatic;
				CURRENT_PROJECT_VERSION = 1;
				ENABLE_PREVIEWS = YES;
				GENERATE_INFOPLIST_FILE = YES;
				INFOPLIST_KEY_UIApplicationSceneManifest_Generation = YES;
				INFOPLIST_KEY_UIApplicationSupportsIndirectInputEvents = YES;
				INFOPLIST_KEY_UILaunchScreen_Generation = YES;
				INFOPLIST_KEY_UISupportedInterfaceOrientations_iPad = "UIInterfaceOrientationPortrait UIInterfaceOrientationPortraitUpsideDown UIInterfaceOrientationLandscapeLeft UIInterfaceOrientationLandscapeRight";
				INFOPLIST_KEY_UISupportedInterfaceOrientations_iPhone = "UIInterfaceOrientationPortrait UIInterfaceOrientationLandscapeLeft UIInterfaceOrientationLandscapeRight";
				IPHONEOS_DEPLOYMENT_TARGET = 15.2;
				LD_RUNPATH_SEARCH_PATHS = (
					"$(inherited)",
					"@executable_path/Frameworks",
				);
				MARKETING_VERSION = 1.0;
				PRODUCT_BUNDLE_IDENTIFIER = "shaika.cw2-day1";
				PRODUCT_NAME = "cw2 day1";
				SDKROOT = iphoneos;
				SWIFT_EMIT_LOC_STRINGS = YES;
				SWIFT_VERSION = 5.0;
				TARGETED_DEVICE_FAMILY = "1,2";
			};
			name = Debug;
		};
		14BC35F327CFD747004772A6 /* Release */ = {
			isa = XCBuildConfiguration;
			buildSettings = {
				ASSETCATALOG_COMPILER_APPICON_NAME = AppIcon;
				ASSETCATALOG_COMPILER_GLOBAL_ACCENT_COLOR_NAME = AccentColor;
				CODE_SIGN_STYLE = Automatic;
				CURRENT_PROJECT_VERSION = 1;
				ENABLE_PREVIEWS = YES;
				GENERATE_INFOPLIST_FILE = YES;
				INFOPLIST_KEY_UIApplicationSceneManifest_Generation = YES;
				INFOPLIST_KEY_UIApplicationSupportsIndirectInputEvents = YES;
				INFOPLIST_KEY_UILaunchScreen_Generation = YES;
				INFOPLIST_KEY_UISupportedInterfaceOrientations_iPad = "UIInterfaceOrientationPortrait UIInterfaceOrientationPortraitUpsideDown UIInterfaceOrientationLandscapeLeft UIInterfaceOrientationLandscapeRight";
				INFOPLIST_KEY_UISupportedInterfaceOrientations_iPhone = "UIInterfaceOrientationPortrait UIInterfaceOrientationLandscapeLeft UIInterfaceOrientationLandscapeRight";
				IPHONEOS_DEPLOYMENT_TARGET = 15.2;
				LD_RUNPATH_SEARCH_PATHS = (
					"$(inherited)",
					"@executable_path/Frameworks",
				);
				MARKETING_VERSION = 1.0;
				PRODUCT_BUNDLE_IDENTIFIER = "shaika.cw2-day1";
				PRODUCT_NAME = "cw2 day1";
				SDKROOT = iphoneos;
				SWIFT_EMIT_LOC_STRINGS = YES;
				SWIFT_VERSION = 5.0;
				TARGETED_DEVICE_FAMILY = "1,2";
				VALIDATE_PRODUCT = YES;
			};
			name = Release;
		};
		14BC35F527CFD747004772A6 /* Debug */ = {
			isa = XCBuildConfiguration;
			buildSettings = {
				ASSETCATALOG_COMPILER_APPICON_NAME = AppIcon;
				ASSETCATALOG_COMPILER_GLOBAL_ACCENT_COLOR_NAME = AccentColor;
				CODE_SIGN_ENTITLEMENTS = macOS/macOS.entitlements;
				CODE_SIGN_STYLE = Automatic;
				COMBINE_HIDPI_IMAGES = YES;
				CURRENT_PROJECT_VERSION = 1;
				ENABLE_PREVIEWS = YES;
				GENERATE_INFOPLIST_FILE = YES;
				INFOPLIST_KEY_NSHumanReadableCopyright = "";
				LD_RUNPATH_SEARCH_PATHS = (
					"$(inherited)",
					"@executable_path/../Frameworks",
				);
				MACOSX_DEPLOYMENT_TARGET = 12.1;
				MARKETING_VERSION = 1.0;
				PRODUCT_BUNDLE_IDENTIFIER = "shaika.cw2-day1";
				PRODUCT_NAME = "cw2 day1";
				SDKROOT = macosx;
				SWIFT_EMIT_LOC_STRINGS = YES;
				SWIFT_VERSION = 5.0;
			};
			name = Debug;
		};
		14BC35F627CFD747004772A6 /* Release */ = {
			isa = XCBuildConfiguration;
			buildSettings = {
				ASSETCATALOG_COMPILER_APPICON_NAME = AppIcon;
				ASSETCATALOG_COMPILER_GLOBAL_ACCENT_COLOR_NAME = AccentColor;
				CODE_SIGN_ENTITLEMENTS = macOS/macOS.entitlements;
				CODE_SIGN_STYLE = Automatic;
				COMBINE_HIDPI_IMAGES = YES;
				CURRENT_PROJECT_VERSION = 1;
				ENABLE_PREVIEWS = YES;
				GENERATE_INFOPLIST_FILE = YES;
				INFOPLIST_KEY_NSHumanReadableCopyright = "";
				LD_RUNPATH_SEARCH_PATHS = (
					"$(inherited)",
					"@executable_path/../Frameworks",
				);
				MACOSX_DEPLOYMENT_TARGET = 12.1;
				MARKETING_VERSION = 1.0;
				PRODUCT_BUNDLE_IDENTIFIER = "shaika.cw2-day1";
				PRODUCT_NAME = "cw2 day1";
				SDKROOT = macosx;
				SWIFT_EMIT_LOC_STRINGS = YES;
				SWIFT_VERSION = 5.0;
			};
			name = Release;
		};
		14BC35F827CFD747004772A6 /* Debug */ = {
			isa = XCBuildConfiguration;
			buildSettings = {
				ALWAYS_EMBED_SWIFT_STANDARD_LIBRARIES = YES;
				CODE_SIGN_STYLE = Automatic;
				CURRENT_PROJECT_VERSION = 1;
				GENERATE_INFOPLIST_FILE = YES;
				IPHONEOS_DEPLOYMENT_TARGET = 15.2;
				MARKETING_VERSION = 1.0;
				PRODUCT_BUNDLE_IDENTIFIER = "shaika.Tests-iOS";
				PRODUCT_NAME = "$(TARGET_NAME)";
				SDKROOT = iphoneos;
				SWIFT_EMIT_LOC_STRINGS = NO;
				SWIFT_VERSION = 5.0;
				TARGETED_DEVICE_FAMILY = "1,2";
				TEST_TARGET_NAME = "cw2 day1 (iOS)";
			};
			name = Debug;
		};
		14BC35F927CFD747004772A6 /* Release */ = {
			isa = XCBuildConfiguration;
			buildSettings = {
				ALWAYS_EMBED_SWIFT_STANDARD_LIBRARIES = YES;
				CODE_SIGN_STYLE = Automatic;
				CURRENT_PROJECT_VERSION = 1;
				GENERATE_INFOPLIST_FILE = YES;
				IPHONEOS_DEPLOYMENT_TARGET = 15.2;
				MARKETING_VERSION = 1.0;
				PRODUCT_BUNDLE_IDENTIFIER = "shaika.Tests-iOS";
				PRODUCT_NAME = "$(TARGET_NAME)";
				SDKROOT = iphoneos;
				SWIFT_EMIT_LOC_STRINGS = NO;
				SWIFT_VERSION = 5.0;
				TARGETED_DEVICE_FAMILY = "1,2";
				TEST_TARGET_NAME = "cw2 day1 (iOS)";
				VALIDATE_PRODUCT = YES;
			};
			name = Release;
		};
		14BC35FB27CFD747004772A6 /* Debug */ = {
			isa = XCBuildConfiguration;
			buildSettings = {
				ALWAYS_EMBED_SWIFT_STANDARD_LIBRARIES = YES;
				CODE_SIGN_STYLE = Automatic;
				CURRENT_PROJECT_VERSION = 1;
				GENERATE_INFOPLIST_FILE = YES;
				MACOSX_DEPLOYMENT_TARGET = 12.1;
				MARKETING_VERSION = 1.0;
				PRODUCT_BUNDLE_IDENTIFIER = "shaika.Tests-macOS";
				PRODUCT_NAME = "$(TARGET_NAME)";
				SDKROOT = macosx;
				SWIFT_EMIT_LOC_STRINGS = NO;
				SWIFT_VERSION = 5.0;
				TEST_TARGET_NAME = "cw2 day1 (macOS)";
			};
			name = Debug;
		};
		14BC35FC27CFD747004772A6 /* Release */ = {
			isa = XCBuildConfiguration;
			buildSettings = {
				ALWAYS_EMBED_SWIFT_STANDARD_LIBRARIES = YES;
				CODE_SIGN_STYLE = Automatic;
				CURRENT_PROJECT_VERSION = 1;
				GENERATE_INFOPLIST_FILE = YES;
				MACOSX_DEPLOYMENT_TARGET = 12.1;
				MARKETING_VERSION = 1.0;
				PRODUCT_BUNDLE_IDENTIFIER = "shaika.Tests-macOS";
				PRODUCT_NAME = "$(TARGET_NAME)";
				SDKROOT = macosx;
				SWIFT_EMIT_LOC_STRINGS = NO;
				SWIFT_VERSION = 5.0;
				TEST_TARGET_NAME = "cw2 day1 (macOS)";
			};
			name = Release;
		};
/* End XCBuildConfiguration section */

/* Begin XCConfigurationList section */
		14BC35BF27CFD746004772A6 /* Build configuration list for PBXProject "cw2 day1" */ = {
			isa = XCConfigurationList;
			buildConfigurations = (
				14BC35EF27CFD747004772A6 /* Debug */,
				14BC35F027CFD747004772A6 /* Release */,
			);
			defaultConfigurationIsVisible = 0;
			defaultConfigurationName = Release;
		};
		14BC35F127CFD747004772A6 /* Build configuration list for PBXNativeTarget "cw2 day1 (iOS)" */ = {
			isa = XCConfigurationList;
			buildConfigurations = (
				14BC35F227CFD747004772A6 /* Debug */,
				14BC35F327CFD747004772A6 /* Release */,
			);
			defaultConfigurationIsVisible = 0;
			defaultConfigurationName = Release;
		};
		14BC35F427CFD747004772A6 /* Build configuration list for PBXNativeTarget "cw2 day1 (macOS)" */ = {
			isa = XCConfigurationList;
			buildConfigurations = (
				14BC35F527CFD747004772A6 /* Debug */,
				14BC35F627CFD747004772A6 /* Release */,
			);
			defaultConfigurationIsVisible = 0;
			defaultConfigurationName = Release;
		};
		14BC35F727CFD747004772A6 /* Build configuration list for PBXNativeTarget "Tests iOS" */ = {
			isa = XCConfigurationList;
			buildConfigurations = (
				14BC35F827CFD747004772A6 /* Debug */,
				14BC35F927CFD747004772A6 /* Release */,
			);
			defaultConfigurationIsVisible = 0;
			defaultConfigurationName = Release;
		};
		14BC35FA27CFD747004772A6 /* Build configuration list for PBXNativeTarget "Tests macOS" */ = {
			isa = XCConfigurationList;
			buildConfigurations = (
				14BC35FB27CFD747004772A6 /* Debug */,
				14BC35FC27CFD747004772A6 /* Release */,
			);
			defaultConfigurationIsVisible = 0;
			defaultConfigurationName = Release;
		};
/* End XCConfigurationList section */
	};
	rootObject = 14BC35BC27CFD746004772A6 /* Project object */;
}
